// !$*UTF8*$!
{
	archiveVersion = 1;
	classes = {
	};
	objectVersion = 51;
	objects = {

/* Begin PBXBuildFile section */
		5B31ACAA798F55CF6924A98D /* Pods_zrxkit.framework in Frameworks */ = {isa = PBXBuildFile; fileRef = 5C79330F9D1661317C8E41F6 /* Pods_zrxkit.framework */; };
		B5007F412362B2B1005218BA /* SignUtils.swift in Sources */ = {isa = PBXBuildFile; fileRef = B5007F402362B2B1005218BA /* SignUtils.swift */; };
		B5007F442362B392005218BA /* Eip712Data.swift in Sources */ = {isa = PBXBuildFile; fileRef = B5007F432362B392005218BA /* Eip712Data.swift */; };
		B5007F462362B9D3005218BA /* Extension+String.swift in Sources */ = {isa = PBXBuildFile; fileRef = B5007F452362B9D3005218BA /* Extension+String.swift */; };
		B5007F482362BE93005218BA /* Eip712Encoder.swift in Sources */ = {isa = PBXBuildFile; fileRef = B5007F472362BE93005218BA /* Eip712Encoder.swift */; };
		B53E6D6023A3747000A2A10E /* TransactionWatcher.swift in Sources */ = {isa = PBXBuildFile; fileRef = B53E6D5F23A3747000A2A10E /* TransactionWatcher.swift */; };
		B53FF4462398EA87009D131B /* zrxkitTests.swift in Sources */ = {isa = PBXBuildFile; fileRef = B53FF4452398EA87009D131B /* zrxkitTests.swift */; };
		B53FF4482398EA87009D131B /* zrxkit.framework in Frameworks */ = {isa = PBXBuildFile; fileRef = B5D3A66E23153FFC004B07D9 /* zrxkit.framework */; };
		B543F1A5239FC8E70096ABD5 /* Contracts.swift in Sources */ = {isa = PBXBuildFile; fileRef = B543F1A4239FC8E70096ABD5 /* Contracts.swift */; };
		B543F1A7239FCD0F0096ABD5 /* ContractGasProvider.swift in Sources */ = {isa = PBXBuildFile; fileRef = B543F1A6239FCD0F0096ABD5 /* ContractGasProvider.swift */; };
		B54C2750238B92DC0043EA9B /* TypeEncoder.swift in Sources */ = {isa = PBXBuildFile; fileRef = B54C274F238B92DC0043EA9B /* TypeEncoder.swift */; };
		B54C2752238FC9940043EA9B /* Constants.swift in Sources */ = {isa = PBXBuildFile; fileRef = B54C2751238FC9940043EA9B /* Constants.swift */; };
		B577871123D598BC0080F9E9 /* CoreUtils.swift in Sources */ = {isa = PBXBuildFile; fileRef = B577871023D598BC0080F9E9 /* CoreUtils.swift */; };
		B5A4DA362328AEF500E9766A /* IRelayerManager.swift in Sources */ = {isa = PBXBuildFile; fileRef = B5A4DA352328AEF500E9766A /* IRelayerManager.swift */; };
		B5A4DA392328B0F900E9766A /* OrderBookResponse.swift in Sources */ = {isa = PBXBuildFile; fileRef = B5A4DA382328B0F900E9766A /* OrderBookResponse.swift */; };
		B5A4DA3B2328DF4100E9766A /* RelayerManager.swift in Sources */ = {isa = PBXBuildFile; fileRef = B5A4DA3A2328DF4100E9766A /* RelayerManager.swift */; };
		B5A4DA3D2328E29100E9766A /* RelayerApiClient.swift in Sources */ = {isa = PBXBuildFile; fileRef = B5A4DA3C2328E29100E9766A /* RelayerApiClient.swift */; };
		B5A9BBA723221CD800DF756B /* EAssetProxyId.swift in Sources */ = {isa = PBXBuildFile; fileRef = B5A9BBA623221CD800DF756B /* EAssetProxyId.swift */; };
		B5A9BBA923221F1E00DF756B /* ESignatureType.swift in Sources */ = {isa = PBXBuildFile; fileRef = B5A9BBA823221F1E00DF756B /* ESignatureType.swift */; };
		B5A9BBAB23221F6B00DF756B /* IOrder.swift in Sources */ = {isa = PBXBuildFile; fileRef = B5A9BBAA23221F6B00DF756B /* IOrder.swift */; };
		B5A9BBAD2322202300DF756B /* Order.swift in Sources */ = {isa = PBXBuildFile; fileRef = B5A9BBAC2322202300DF756B /* Order.swift */; };
		B5A9BBAF232221BE00DF756B /* OrderInfo.swift in Sources */ = {isa = PBXBuildFile; fileRef = B5A9BBAE232221BE00DF756B /* OrderInfo.swift */; };
		B5A9BBB12322220600DF756B /* SignedOrder.swift in Sources */ = {isa = PBXBuildFile; fileRef = B5A9BBB02322220600DF756B /* SignedOrder.swift */; };
		B5A9BBB3232222EE00DF756B /* AssetPair.swift in Sources */ = {isa = PBXBuildFile; fileRef = B5A9BBB2232222EE00DF756B /* AssetPair.swift */; };
		B5A9BBB52322238000DF756B /* FeeRecipientsResponse.swift in Sources */ = {isa = PBXBuildFile; fileRef = B5A9BBB42322238000DF756B /* FeeRecipientsResponse.swift */; };
		B5A9BBB7232223EF00DF756B /* OrderBook.swift in Sources */ = {isa = PBXBuildFile; fileRef = B5A9BBB6232223EF00DF756B /* OrderBook.swift */; };
		B5C01F572331E89A00B1C235 /* WethWrapper.swift in Sources */ = {isa = PBXBuildFile; fileRef = B5C01F562331E89A00B1C235 /* WethWrapper.swift */; };
		B5C01F592331EDFE00B1C235 /* Contract.swift in Sources */ = {isa = PBXBuildFile; fileRef = B5C01F582331EDFE00B1C235 /* Contract.swift */; };
		B5C01F5B2331F52500B1C235 /* ZrxError.swift in Sources */ = {isa = PBXBuildFile; fileRef = B5C01F5A2331F52500B1C235 /* ZrxError.swift */; };
		B5D3A67323153FFC004B07D9 /* zrxkit.h in Headers */ = {isa = PBXBuildFile; fileRef = B5D3A67123153FFC004B07D9 /* zrxkit.h */; settings = {ATTRIBUTES = (Public, ); }; };
		B5D3A6A823192A13004B07D9 /* ZrxKit.swift in Sources */ = {isa = PBXBuildFile; fileRef = B5D3A6A723192A13004B07D9 /* ZrxKit.swift */; };
		B5D3A6AE23192A90004B07D9 /* Relayer.swift in Sources */ = {isa = PBXBuildFile; fileRef = B5D3A6AD23192A90004B07D9 /* Relayer.swift */; };
		B5D3A6B023192B9D004B07D9 /* Pair.swift in Sources */ = {isa = PBXBuildFile; fileRef = B5D3A6AF23192B9D004B07D9 /* Pair.swift */; };
		B5D3A6B223192C25004B07D9 /* AssetItem.swift in Sources */ = {isa = PBXBuildFile; fileRef = B5D3A6B123192C25004B07D9 /* AssetItem.swift */; };
		B5F1C76F234763B60011442B /* Erc20ProxyWrapper.swift in Sources */ = {isa = PBXBuildFile; fileRef = B5F1C76E234763B60011442B /* Erc20ProxyWrapper.swift */; };
		B5F2F16D2334A065001D4926 /* ZrxExchangeWrapper.swift in Sources */ = {isa = PBXBuildFile; fileRef = B5F2F16C2334A065001D4926 /* ZrxExchangeWrapper.swift */; };
		B5F92B672387DE27006BA97A /* Extension+Decimal.swift in Sources */ = {isa = PBXBuildFile; fileRef = B5F92B662387DE27006BA97A /* Extension+Decimal.swift */; };
		BF24961192AAEA5BB85B7F27 /* Pods_zrxkitTests.framework in Frameworks */ = {isa = PBXBuildFile; fileRef = 8E179BC9D527AB3D50019E62 /* Pods_zrxkitTests.framework */; };
/* End PBXBuildFile section */

/* Begin PBXContainerItemProxy section */
		B53FF4492398EA87009D131B /* PBXContainerItemProxy */ = {
			isa = PBXContainerItemProxy;
			containerPortal = B5D3A66523153FFC004B07D9 /* Project object */;
			proxyType = 1;
			remoteGlobalIDString = B5D3A66D23153FFC004B07D9;
			remoteInfo = zrxkit;
		};
/* End PBXContainerItemProxy section */

/* Begin PBXFileReference section */
		26181D5E6498E61DF928B2D1 /* Pods-zrxkit.debug.xcconfig */ = {isa = PBXFileReference; includeInIndex = 1; lastKnownFileType = text.xcconfig; name = "Pods-zrxkit.debug.xcconfig"; path = "Target Support Files/Pods-zrxkit/Pods-zrxkit.debug.xcconfig"; sourceTree = "<group>"; };
		5C79330F9D1661317C8E41F6 /* Pods_zrxkit.framework */ = {isa = PBXFileReference; explicitFileType = wrapper.framework; includeInIndex = 0; path = Pods_zrxkit.framework; sourceTree = BUILT_PRODUCTS_DIR; };
		8E179BC9D527AB3D50019E62 /* Pods_zrxkitTests.framework */ = {isa = PBXFileReference; explicitFileType = wrapper.framework; includeInIndex = 0; path = Pods_zrxkitTests.framework; sourceTree = BUILT_PRODUCTS_DIR; };
		9C320D12CBEA62A103620B79 /* Pods-zrxkit.release.xcconfig */ = {isa = PBXFileReference; includeInIndex = 1; lastKnownFileType = text.xcconfig; name = "Pods-zrxkit.release.xcconfig"; path = "Target Support Files/Pods-zrxkit/Pods-zrxkit.release.xcconfig"; sourceTree = "<group>"; };
		B5007F402362B2B1005218BA /* SignUtils.swift */ = {isa = PBXFileReference; lastKnownFileType = sourcecode.swift; path = SignUtils.swift; sourceTree = "<group>"; };
		B5007F432362B392005218BA /* Eip712Data.swift */ = {isa = PBXFileReference; lastKnownFileType = sourcecode.swift; path = Eip712Data.swift; sourceTree = "<group>"; };
		B5007F452362B9D3005218BA /* Extension+String.swift */ = {isa = PBXFileReference; lastKnownFileType = sourcecode.swift; path = "Extension+String.swift"; sourceTree = "<group>"; };
		B5007F472362BE93005218BA /* Eip712Encoder.swift */ = {isa = PBXFileReference; lastKnownFileType = sourcecode.swift; path = Eip712Encoder.swift; sourceTree = "<group>"; };
		B53E6D5F23A3747000A2A10E /* TransactionWatcher.swift */ = {isa = PBXFileReference; lastKnownFileType = sourcecode.swift; path = TransactionWatcher.swift; sourceTree = "<group>"; };
		B53FF4432398EA87009D131B /* zrxkitTests.xctest */ = {isa = PBXFileReference; explicitFileType = wrapper.cfbundle; includeInIndex = 0; path = zrxkitTests.xctest; sourceTree = BUILT_PRODUCTS_DIR; };
		B53FF4452398EA87009D131B /* zrxkitTests.swift */ = {isa = PBXFileReference; lastKnownFileType = sourcecode.swift; path = zrxkitTests.swift; sourceTree = "<group>"; };
		B53FF4472398EA87009D131B /* Info.plist */ = {isa = PBXFileReference; lastKnownFileType = text.plist.xml; path = Info.plist; sourceTree = "<group>"; };
		B543F1A4239FC8E70096ABD5 /* Contracts.swift */ = {isa = PBXFileReference; lastKnownFileType = sourcecode.swift; path = Contracts.swift; sourceTree = "<group>"; };
		B543F1A6239FCD0F0096ABD5 /* ContractGasProvider.swift */ = {isa = PBXFileReference; lastKnownFileType = sourcecode.swift; path = ContractGasProvider.swift; sourceTree = "<group>"; };
		B54C274F238B92DC0043EA9B /* TypeEncoder.swift */ = {isa = PBXFileReference; lastKnownFileType = sourcecode.swift; path = TypeEncoder.swift; sourceTree = "<group>"; };
		B54C2751238FC9940043EA9B /* Constants.swift */ = {isa = PBXFileReference; lastKnownFileType = sourcecode.swift; path = Constants.swift; sourceTree = "<group>"; };
		B577871023D598BC0080F9E9 /* CoreUtils.swift */ = {isa = PBXFileReference; lastKnownFileType = sourcecode.swift; path = CoreUtils.swift; sourceTree = "<group>"; };
		B5A4DA352328AEF500E9766A /* IRelayerManager.swift */ = {isa = PBXFileReference; lastKnownFileType = sourcecode.swift; path = IRelayerManager.swift; sourceTree = "<group>"; };
		B5A4DA382328B0F900E9766A /* OrderBookResponse.swift */ = {isa = PBXFileReference; lastKnownFileType = sourcecode.swift; path = OrderBookResponse.swift; sourceTree = "<group>"; };
		B5A4DA3A2328DF4100E9766A /* RelayerManager.swift */ = {isa = PBXFileReference; lastKnownFileType = sourcecode.swift; path = RelayerManager.swift; sourceTree = "<group>"; };
		B5A4DA3C2328E29100E9766A /* RelayerApiClient.swift */ = {isa = PBXFileReference; lastKnownFileType = sourcecode.swift; path = RelayerApiClient.swift; sourceTree = "<group>"; };
		B5A9BBA623221CD800DF756B /* EAssetProxyId.swift */ = {isa = PBXFileReference; lastKnownFileType = sourcecode.swift; path = EAssetProxyId.swift; sourceTree = "<group>"; };
		B5A9BBA823221F1E00DF756B /* ESignatureType.swift */ = {isa = PBXFileReference; lastKnownFileType = sourcecode.swift; path = ESignatureType.swift; sourceTree = "<group>"; };
		B5A9BBAA23221F6B00DF756B /* IOrder.swift */ = {isa = PBXFileReference; lastKnownFileType = sourcecode.swift; path = IOrder.swift; sourceTree = "<group>"; };
		B5A9BBAC2322202300DF756B /* Order.swift */ = {isa = PBXFileReference; lastKnownFileType = sourcecode.swift; path = Order.swift; sourceTree = "<group>"; };
		B5A9BBAE232221BE00DF756B /* OrderInfo.swift */ = {isa = PBXFileReference; lastKnownFileType = sourcecode.swift; path = OrderInfo.swift; sourceTree = "<group>"; };
		B5A9BBB02322220600DF756B /* SignedOrder.swift */ = {isa = PBXFileReference; lastKnownFileType = sourcecode.swift; path = SignedOrder.swift; sourceTree = "<group>"; };
		B5A9BBB2232222EE00DF756B /* AssetPair.swift */ = {isa = PBXFileReference; lastKnownFileType = sourcecode.swift; path = AssetPair.swift; sourceTree = "<group>"; };
		B5A9BBB42322238000DF756B /* FeeRecipientsResponse.swift */ = {isa = PBXFileReference; lastKnownFileType = sourcecode.swift; path = FeeRecipientsResponse.swift; sourceTree = "<group>"; };
		B5A9BBB6232223EF00DF756B /* OrderBook.swift */ = {isa = PBXFileReference; lastKnownFileType = sourcecode.swift; path = OrderBook.swift; sourceTree = "<group>"; };
		B5C01F562331E89A00B1C235 /* WethWrapper.swift */ = {isa = PBXFileReference; lastKnownFileType = sourcecode.swift; path = WethWrapper.swift; sourceTree = "<group>"; };
		B5C01F582331EDFE00B1C235 /* Contract.swift */ = {isa = PBXFileReference; lastKnownFileType = sourcecode.swift; path = Contract.swift; sourceTree = "<group>"; };
		B5C01F5A2331F52500B1C235 /* ZrxError.swift */ = {isa = PBXFileReference; lastKnownFileType = sourcecode.swift; path = ZrxError.swift; sourceTree = "<group>"; };
		B5D3A66E23153FFC004B07D9 /* zrxkit.framework */ = {isa = PBXFileReference; explicitFileType = wrapper.framework; includeInIndex = 0; path = zrxkit.framework; sourceTree = BUILT_PRODUCTS_DIR; };
		B5D3A67123153FFC004B07D9 /* zrxkit.h */ = {isa = PBXFileReference; lastKnownFileType = sourcecode.c.h; path = zrxkit.h; sourceTree = "<group>"; };
		B5D3A67223153FFC004B07D9 /* Info.plist */ = {isa = PBXFileReference; lastKnownFileType = text.plist.xml; path = Info.plist; sourceTree = "<group>"; };
		B5D3A6A723192A13004B07D9 /* ZrxKit.swift */ = {isa = PBXFileReference; lastKnownFileType = sourcecode.swift; path = ZrxKit.swift; sourceTree = "<group>"; };
		B5D3A6AD23192A90004B07D9 /* Relayer.swift */ = {isa = PBXFileReference; lastKnownFileType = sourcecode.swift; path = Relayer.swift; sourceTree = "<group>"; };
		B5D3A6AF23192B9D004B07D9 /* Pair.swift */ = {isa = PBXFileReference; lastKnownFileType = sourcecode.swift; path = Pair.swift; sourceTree = "<group>"; };
		B5D3A6B123192C25004B07D9 /* AssetItem.swift */ = {isa = PBXFileReference; lastKnownFileType = sourcecode.swift; path = AssetItem.swift; sourceTree = "<group>"; };
		B5F1C76E234763B60011442B /* Erc20ProxyWrapper.swift */ = {isa = PBXFileReference; lastKnownFileType = sourcecode.swift; path = Erc20ProxyWrapper.swift; sourceTree = "<group>"; };
		B5F2F16C2334A065001D4926 /* ZrxExchangeWrapper.swift */ = {isa = PBXFileReference; lastKnownFileType = sourcecode.swift; path = ZrxExchangeWrapper.swift; sourceTree = "<group>"; };
		B5F92B662387DE27006BA97A /* Extension+Decimal.swift */ = {isa = PBXFileReference; lastKnownFileType = sourcecode.swift; path = "Extension+Decimal.swift"; sourceTree = "<group>"; };
		BD594989C3031C877AEEA599 /* Pods-zrxkitTests.debug.xcconfig */ = {isa = PBXFileReference; includeInIndex = 1; lastKnownFileType = text.xcconfig; name = "Pods-zrxkitTests.debug.xcconfig"; path = "Target Support Files/Pods-zrxkitTests/Pods-zrxkitTests.debug.xcconfig"; sourceTree = "<group>"; };
		C67945CEDC90FB641B3404CC /* Pods-zrxkitTests.release.xcconfig */ = {isa = PBXFileReference; includeInIndex = 1; lastKnownFileType = text.xcconfig; name = "Pods-zrxkitTests.release.xcconfig"; path = "Target Support Files/Pods-zrxkitTests/Pods-zrxkitTests.release.xcconfig"; sourceTree = "<group>"; };
/* End PBXFileReference section */

/* Begin PBXFrameworksBuildPhase section */
		B53FF4402398EA87009D131B /* Frameworks */ = {
			isa = PBXFrameworksBuildPhase;
			buildActionMask = 2147483647;
			files = (
				B53FF4482398EA87009D131B /* zrxkit.framework in Frameworks */,
				BF24961192AAEA5BB85B7F27 /* Pods_zrxkitTests.framework in Frameworks */,
			);
			runOnlyForDeploymentPostprocessing = 0;
		};
		B5D3A66B23153FFC004B07D9 /* Frameworks */ = {
			isa = PBXFrameworksBuildPhase;
			buildActionMask = 2147483647;
			files = (
				5B31ACAA798F55CF6924A98D /* Pods_zrxkit.framework in Frameworks */,
			);
			runOnlyForDeploymentPostprocessing = 0;
		};
/* End PBXFrameworksBuildPhase section */

/* Begin PBXGroup section */
		4977E9F30D12FAA3FF36DAB6 /* Pods */ = {
			isa = PBXGroup;
			children = (
				26181D5E6498E61DF928B2D1 /* Pods-zrxkit.debug.xcconfig */,
				9C320D12CBEA62A103620B79 /* Pods-zrxkit.release.xcconfig */,
				BD594989C3031C877AEEA599 /* Pods-zrxkitTests.debug.xcconfig */,
				C67945CEDC90FB641B3404CC /* Pods-zrxkitTests.release.xcconfig */,
			);
			name = Pods;
			path = ../Pods;
			sourceTree = "<group>";
		};
		B5007F3F2362B29E005218BA /* utils */ = {
			isa = PBXGroup;
			children = (
				B5007F452362B9D3005218BA /* Extension+String.swift */,
				B5F92B662387DE27006BA97A /* Extension+Decimal.swift */,
				B54C274F238B92DC0043EA9B /* TypeEncoder.swift */,
				B54C2751238FC9940043EA9B /* Constants.swift */,
				B543F1A6239FCD0F0096ABD5 /* ContractGasProvider.swift */,
				B53E6D5F23A3747000A2A10E /* TransactionWatcher.swift */,
				B577871023D598BC0080F9E9 /* CoreUtils.swift */,
			);
			path = utils;
			sourceTree = "<group>";
		};
		B5007F422362B37F005218BA /* eip712 */ = {
			isa = PBXGroup;
			children = (
				B5007F432362B392005218BA /* Eip712Data.swift */,
				B5007F472362BE93005218BA /* Eip712Encoder.swift */,
			);
			path = eip712;
			sourceTree = "<group>";
		};
		B53E6D5E23A3721F00A2A10E /* sign */ = {
			isa = PBXGroup;
			children = (
				B5007F402362B2B1005218BA /* SignUtils.swift */,
				B5007F422362B37F005218BA /* eip712 */,
			);
			path = sign;
			sourceTree = "<group>";
		};
		B53FF4442398EA87009D131B /* zrxkitTests */ = {
			isa = PBXGroup;
			children = (
				B53FF4452398EA87009D131B /* zrxkitTests.swift */,
				B53FF4472398EA87009D131B /* Info.plist */,
			);
			path = zrxkitTests;
			sourceTree = "<group>";
		};
		B5A4DA372328B0E300E9766A /* remote */ = {
			isa = PBXGroup;
			children = (
				B5A4DA382328B0F900E9766A /* OrderBookResponse.swift */,
				B5A4DA3C2328E29100E9766A /* RelayerApiClient.swift */,
			);
			path = remote;
			sourceTree = "<group>";
		};
		B5C01F552331E87A00B1C235 /* contracts */ = {
			isa = PBXGroup;
			children = (
				B5C01F562331E89A00B1C235 /* WethWrapper.swift */,
				B5C01F582331EDFE00B1C235 /* Contract.swift */,
				B5F2F16C2334A065001D4926 /* ZrxExchangeWrapper.swift */,
				B5F1C76E234763B60011442B /* Erc20ProxyWrapper.swift */,
				B543F1A4239FC8E70096ABD5 /* Contracts.swift */,
			);
			path = contracts;
			sourceTree = "<group>";
		};
		B5D3A66423153FFC004B07D9 = {
			isa = PBXGroup;
			children = (
				B5D3A67023153FFC004B07D9 /* zrxkit */,
				B53FF4442398EA87009D131B /* zrxkitTests */,
				B5D3A66F23153FFC004B07D9 /* Products */,
				4977E9F30D12FAA3FF36DAB6 /* Pods */,
				FBFCEF2F06614E96F436A728 /* Frameworks */,
			);
			sourceTree = "<group>";
		};
		B5D3A66F23153FFC004B07D9 /* Products */ = {
			isa = PBXGroup;
			children = (
				B5D3A66E23153FFC004B07D9 /* zrxkit.framework */,
				B53FF4432398EA87009D131B /* zrxkitTests.xctest */,
			);
			name = Products;
			sourceTree = "<group>";
		};
		B5D3A67023153FFC004B07D9 /* zrxkit */ = {
			isa = PBXGroup;
			children = (
				B53E6D5E23A3721F00A2A10E /* sign */,
				B5007F3F2362B29E005218BA /* utils */,
				B5C01F552331E87A00B1C235 /* contracts */,
				B5D3A6AB23192A7D004B07D9 /* relayer */,
				B5D3A6AA23192A60004B07D9 /* model */,
				B5D3A67123153FFC004B07D9 /* zrxkit.h */,
				B5D3A67223153FFC004B07D9 /* Info.plist */,
				B5D3A6A723192A13004B07D9 /* ZrxKit.swift */,
			);
			path = zrxkit;
			sourceTree = "<group>";
		};
		B5D3A6AA23192A60004B07D9 /* model */ = {
			isa = PBXGroup;
			children = (
				B5D3A6B123192C25004B07D9 /* AssetItem.swift */,
				B5A9BBA623221CD800DF756B /* EAssetProxyId.swift */,
				B5A9BBA823221F1E00DF756B /* ESignatureType.swift */,
				B5A9BBAA23221F6B00DF756B /* IOrder.swift */,
				B5A9BBAC2322202300DF756B /* Order.swift */,
				B5A9BBAE232221BE00DF756B /* OrderInfo.swift */,
				B5A9BBB02322220600DF756B /* SignedOrder.swift */,
				B5C01F5A2331F52500B1C235 /* ZrxError.swift */,
			);
			path = model;
			sourceTree = "<group>";
		};
		B5D3A6AB23192A7D004B07D9 /* relayer */ = {
			isa = PBXGroup;
			children = (
				B5A4DA372328B0E300E9766A /* remote */,
				B5D3A6AC23192A84004B07D9 /* model */,
				B5A4DA352328AEF500E9766A /* IRelayerManager.swift */,
				B5A4DA3A2328DF4100E9766A /* RelayerManager.swift */,
			);
			path = relayer;
			sourceTree = "<group>";
		};
		B5D3A6AC23192A84004B07D9 /* model */ = {
			isa = PBXGroup;
			children = (
				B5D3A6AD23192A90004B07D9 /* Relayer.swift */,
				B5D3A6AF23192B9D004B07D9 /* Pair.swift */,
				B5A9BBB2232222EE00DF756B /* AssetPair.swift */,
				B5A9BBB42322238000DF756B /* FeeRecipientsResponse.swift */,
				B5A9BBB6232223EF00DF756B /* OrderBook.swift */,
			);
			path = model;
			sourceTree = "<group>";
		};
		FBFCEF2F06614E96F436A728 /* Frameworks */ = {
			isa = PBXGroup;
			children = (
				5C79330F9D1661317C8E41F6 /* Pods_zrxkit.framework */,
				8E179BC9D527AB3D50019E62 /* Pods_zrxkitTests.framework */,
			);
			name = Frameworks;
			sourceTree = "<group>";
		};
/* End PBXGroup section */

/* Begin PBXHeadersBuildPhase section */
		B5D3A66923153FFC004B07D9 /* Headers */ = {
			isa = PBXHeadersBuildPhase;
			buildActionMask = 2147483647;
			files = (
				B5D3A67323153FFC004B07D9 /* zrxkit.h in Headers */,
			);
			runOnlyForDeploymentPostprocessing = 0;
		};
/* End PBXHeadersBuildPhase section */

/* Begin PBXNativeTarget section */
		B53FF4422398EA87009D131B /* zrxkitTests */ = {
			isa = PBXNativeTarget;
			buildConfigurationList = B53FF44D2398EA87009D131B /* Build configuration list for PBXNativeTarget "zrxkitTests" */;
			buildPhases = (
				522CE28CEAC03EA1F107D005 /* [CP] Check Pods Manifest.lock */,
				B53FF43F2398EA87009D131B /* Sources */,
				B53FF4402398EA87009D131B /* Frameworks */,
				B53FF4412398EA87009D131B /* Resources */,
				0944BC3769E5EC4E14A47697 /* [CP] Embed Pods Frameworks */,
			);
			buildRules = (
			);
			dependencies = (
				B53FF44A2398EA87009D131B /* PBXTargetDependency */,
			);
			name = zrxkitTests;
			productName = zrxkitTests;
			productReference = B53FF4432398EA87009D131B /* zrxkitTests.xctest */;
			productType = "com.apple.product-type.bundle.unit-test";
		};
		B5D3A66D23153FFC004B07D9 /* zrxkit */ = {
			isa = PBXNativeTarget;
			buildConfigurationList = B5D3A67623153FFC004B07D9 /* Build configuration list for PBXNativeTarget "zrxkit" */;
			buildPhases = (
				04B82BAC5C6A4DB594091EE0 /* [CP] Check Pods Manifest.lock */,
				B5D3A66923153FFC004B07D9 /* Headers */,
				B5D3A66A23153FFC004B07D9 /* Sources */,
				B5D3A66B23153FFC004B07D9 /* Frameworks */,
				B5D3A66C23153FFC004B07D9 /* Resources */,
			);
			buildRules = (
			);
			dependencies = (
			);
			name = zrxkit;
			productName = zrxkit;
			productReference = B5D3A66E23153FFC004B07D9 /* zrxkit.framework */;
			productType = "com.apple.product-type.framework";
		};
/* End PBXNativeTarget section */

/* Begin PBXProject section */
		B5D3A66523153FFC004B07D9 /* Project object */ = {
			isa = PBXProject;
			attributes = {
				LastSwiftUpdateCheck = 1120;
				LastUpgradeCheck = 1030;
				ORGANIZATIONNAME = BlocksDecoded;
				TargetAttributes = {
					B53FF4422398EA87009D131B = {
						CreatedOnToolsVersion = 11.2.1;
					};
					B5D3A66D23153FFC004B07D9 = {
						CreatedOnToolsVersion = 10.3;
						LastSwiftMigration = 1030;
					};
				};
			};
			buildConfigurationList = B5D3A66823153FFC004B07D9 /* Build configuration list for PBXProject "zrxkit" */;
			compatibilityVersion = "Xcode 9.3";
			developmentRegion = en;
			hasScannedForEncodings = 0;
			knownRegions = (
				en,
			);
			mainGroup = B5D3A66423153FFC004B07D9;
			productRefGroup = B5D3A66F23153FFC004B07D9 /* Products */;
			projectDirPath = "";
			projectRoot = "";
			targets = (
				B5D3A66D23153FFC004B07D9 /* zrxkit */,
				B53FF4422398EA87009D131B /* zrxkitTests */,
			);
		};
/* End PBXProject section */

/* Begin PBXResourcesBuildPhase section */
		B53FF4412398EA87009D131B /* Resources */ = {
			isa = PBXResourcesBuildPhase;
			buildActionMask = 2147483647;
			files = (
			);
			runOnlyForDeploymentPostprocessing = 0;
		};
		B5D3A66C23153FFC004B07D9 /* Resources */ = {
			isa = PBXResourcesBuildPhase;
			buildActionMask = 2147483647;
			files = (
			);
			runOnlyForDeploymentPostprocessing = 0;
		};
/* End PBXResourcesBuildPhase section */

/* Begin PBXShellScriptBuildPhase section */
		04B82BAC5C6A4DB594091EE0 /* [CP] Check Pods Manifest.lock */ = {
			isa = PBXShellScriptBuildPhase;
			buildActionMask = 2147483647;
			files = (
			);
			inputFileListPaths = (
			);
			inputPaths = (
				"${PODS_PODFILE_DIR_PATH}/Podfile.lock",
				"${PODS_ROOT}/Manifest.lock",
			);
			name = "[CP] Check Pods Manifest.lock";
			outputFileListPaths = (
			);
			outputPaths = (
				"$(DERIVED_FILE_DIR)/Pods-zrxkit-checkManifestLockResult.txt",
			);
			runOnlyForDeploymentPostprocessing = 0;
			shellPath = /bin/sh;
			shellScript = "diff \"${PODS_PODFILE_DIR_PATH}/Podfile.lock\" \"${PODS_ROOT}/Manifest.lock\" > /dev/null\nif [ $? != 0 ] ; then\n    # print error to STDERR\n    echo \"error: The sandbox is not in sync with the Podfile.lock. Run 'pod install' or update your CocoaPods installation.\" >&2\n    exit 1\nfi\n# This output is used by Xcode 'outputs' to avoid re-running this script phase.\necho \"SUCCESS\" > \"${SCRIPT_OUTPUT_FILE_0}\"\n";
			showEnvVarsInLog = 0;
		};
		0944BC3769E5EC4E14A47697 /* [CP] Embed Pods Frameworks */ = {
			isa = PBXShellScriptBuildPhase;
			buildActionMask = 2147483647;
			files = (
			);
			inputFileListPaths = (
				"${PODS_ROOT}/Target Support Files/Pods-zrxkitTests/Pods-zrxkitTests-frameworks-${CONFIGURATION}-input-files.xcfilelist",
			);
			name = "[CP] Embed Pods Frameworks";
			outputFileListPaths = (
				"${PODS_ROOT}/Target Support Files/Pods-zrxkitTests/Pods-zrxkitTests-frameworks-${CONFIGURATION}-output-files.xcfilelist",
			);
			runOnlyForDeploymentPostprocessing = 0;
			shellPath = /bin/sh;
			shellScript = "\"${PODS_ROOT}/Target Support Files/Pods-zrxkitTests/Pods-zrxkitTests-frameworks.sh\"\n";
			showEnvVarsInLog = 0;
		};
		522CE28CEAC03EA1F107D005 /* [CP] Check Pods Manifest.lock */ = {
			isa = PBXShellScriptBuildPhase;
			buildActionMask = 2147483647;
			files = (
			);
			inputFileListPaths = (
			);
			inputPaths = (
				"${PODS_PODFILE_DIR_PATH}/Podfile.lock",
				"${PODS_ROOT}/Manifest.lock",
			);
			name = "[CP] Check Pods Manifest.lock";
			outputFileListPaths = (
			);
			outputPaths = (
				"$(DERIVED_FILE_DIR)/Pods-zrxkitTests-checkManifestLockResult.txt",
			);
			runOnlyForDeploymentPostprocessing = 0;
			shellPath = /bin/sh;
			shellScript = "diff \"${PODS_PODFILE_DIR_PATH}/Podfile.lock\" \"${PODS_ROOT}/Manifest.lock\" > /dev/null\nif [ $? != 0 ] ; then\n    # print error to STDERR\n    echo \"error: The sandbox is not in sync with the Podfile.lock. Run 'pod install' or update your CocoaPods installation.\" >&2\n    exit 1\nfi\n# This output is used by Xcode 'outputs' to avoid re-running this script phase.\necho \"SUCCESS\" > \"${SCRIPT_OUTPUT_FILE_0}\"\n";
			showEnvVarsInLog = 0;
		};
/* End PBXShellScriptBuildPhase section */

/* Begin PBXSourcesBuildPhase section */
		B53FF43F2398EA87009D131B /* Sources */ = {
			isa = PBXSourcesBuildPhase;
			buildActionMask = 2147483647;
			files = (
				B53FF4462398EA87009D131B /* zrxkitTests.swift in Sources */,
			);
			runOnlyForDeploymentPostprocessing = 0;
		};
		B5D3A66A23153FFC004B07D9 /* Sources */ = {
			isa = PBXSourcesBuildPhase;
			buildActionMask = 2147483647;
			files = (
				B5007F462362B9D3005218BA /* Extension+String.swift in Sources */,
				B5A4DA3D2328E29100E9766A /* RelayerApiClient.swift in Sources */,
				B5A9BBA923221F1E00DF756B /* ESignatureType.swift in Sources */,
				B5F1C76F234763B60011442B /* Erc20ProxyWrapper.swift in Sources */,
				B5D3A6AE23192A90004B07D9 /* Relayer.swift in Sources */,
				B54C2752238FC9940043EA9B /* Constants.swift in Sources */,
				B5A9BBB12322220600DF756B /* SignedOrder.swift in Sources */,
				B53E6D6023A3747000A2A10E /* TransactionWatcher.swift in Sources */,
				B5A4DA392328B0F900E9766A /* OrderBookResponse.swift in Sources */,
				B5A9BBAD2322202300DF756B /* Order.swift in Sources */,
				B5A9BBB3232222EE00DF756B /* AssetPair.swift in Sources */,
				B5C01F5B2331F52500B1C235 /* ZrxError.swift in Sources */,
				B5007F482362BE93005218BA /* Eip712Encoder.swift in Sources */,
				B5D3A6B223192C25004B07D9 /* AssetItem.swift in Sources */,
				B5D3A6A823192A13004B07D9 /* ZrxKit.swift in Sources */,
				B5C01F572331E89A00B1C235 /* WethWrapper.swift in Sources */,
				B54C2750238B92DC0043EA9B /* TypeEncoder.swift in Sources */,
				B5A9BBB7232223EF00DF756B /* OrderBook.swift in Sources */,
				B5A9BBB52322238000DF756B /* FeeRecipientsResponse.swift in Sources */,
				B5C01F592331EDFE00B1C235 /* Contract.swift in Sources */,
				B5A9BBAF232221BE00DF756B /* OrderInfo.swift in Sources */,
				B5D3A6B023192B9D004B07D9 /* Pair.swift in Sources */,
				B577871123D598BC0080F9E9 /* CoreUtils.swift in Sources */,
				B5007F442362B392005218BA /* Eip712Data.swift in Sources */,
				B5A9BBAB23221F6B00DF756B /* IOrder.swift in Sources */,
				B5A4DA362328AEF500E9766A /* IRelayerManager.swift in Sources */,
				B543F1A7239FCD0F0096ABD5 /* ContractGasProvider.swift in Sources */,
				B5A4DA3B2328DF4100E9766A /* RelayerManager.swift in Sources */,
				B5007F412362B2B1005218BA /* SignUtils.swift in Sources */,
				B5F92B672387DE27006BA97A /* Extension+Decimal.swift in Sources */,
				B543F1A5239FC8E70096ABD5 /* Contracts.swift in Sources */,
				B5A9BBA723221CD800DF756B /* EAssetProxyId.swift in Sources */,
				B5F2F16D2334A065001D4926 /* ZrxExchangeWrapper.swift in Sources */,
			);
			runOnlyForDeploymentPostprocessing = 0;
		};
/* End PBXSourcesBuildPhase section */

/* Begin PBXTargetDependency section */
		B53FF44A2398EA87009D131B /* PBXTargetDependency */ = {
			isa = PBXTargetDependency;
			target = B5D3A66D23153FFC004B07D9 /* zrxkit */;
			targetProxy = B53FF4492398EA87009D131B /* PBXContainerItemProxy */;
		};
/* End PBXTargetDependency section */

/* Begin XCBuildConfiguration section */
		B53FF44B2398EA87009D131B /* Debug */ = {
			isa = XCBuildConfiguration;
			baseConfigurationReference = BD594989C3031C877AEEA599 /* Pods-zrxkitTests.debug.xcconfig */;
			buildSettings = {
				CODE_SIGN_STYLE = Automatic;
				DEVELOPMENT_TEAM = 693KPRUMV4;
				INFOPLIST_FILE = zrxkitTests/Info.plist;
				IPHONEOS_DEPLOYMENT_TARGET = 13.2;
				LD_RUNPATH_SEARCH_PATHS = (
					"$(inherited)",
					"@executable_path/Frameworks",
					"@loader_path/Frameworks",
				);
				PRODUCT_BUNDLE_IDENTIFIER = com.abaikirov.zrxkitTests;
				PRODUCT_NAME = "$(TARGET_NAME)";
				SWIFT_VERSION = 5.0;
				TARGETED_DEVICE_FAMILY = "1,2";
			};
			name = Debug;
		};
		B53FF44C2398EA87009D131B /* Release */ = {
			isa = XCBuildConfiguration;
			baseConfigurationReference = C67945CEDC90FB641B3404CC /* Pods-zrxkitTests.release.xcconfig */;
			buildSettings = {
				CODE_SIGN_STYLE = Automatic;
				DEVELOPMENT_TEAM = 693KPRUMV4;
				INFOPLIST_FILE = zrxkitTests/Info.plist;
				IPHONEOS_DEPLOYMENT_TARGET = 13.2;
				LD_RUNPATH_SEARCH_PATHS = (
					"$(inherited)",
					"@executable_path/Frameworks",
					"@loader_path/Frameworks",
				);
				PRODUCT_BUNDLE_IDENTIFIER = com.abaikirov.zrxkitTests;
				PRODUCT_NAME = "$(TARGET_NAME)";
				SWIFT_VERSION = 5.0;
				TARGETED_DEVICE_FAMILY = "1,2";
			};
			name = Release;
		};
		B5D3A67423153FFC004B07D9 /* Debug */ = {
			isa = XCBuildConfiguration;
			buildSettings = {
				ALWAYS_SEARCH_USER_PATHS = NO;
				CLANG_ANALYZER_NONNULL = YES;
				CLANG_ANALYZER_NUMBER_OBJECT_CONVERSION = YES_AGGRESSIVE;
				CLANG_CXX_LANGUAGE_STANDARD = "gnu++14";
				CLANG_CXX_LIBRARY = "libc++";
				CLANG_ENABLE_MODULES = YES;
				CLANG_ENABLE_OBJC_ARC = YES;
				CLANG_ENABLE_OBJC_WEAK = YES;
				CLANG_WARN_BLOCK_CAPTURE_AUTORELEASING = YES;
				CLANG_WARN_BOOL_CONVERSION = YES;
				CLANG_WARN_COMMA = YES;
				CLANG_WARN_CONSTANT_CONVERSION = YES;
				CLANG_WARN_DEPRECATED_OBJC_IMPLEMENTATIONS = YES;
				CLANG_WARN_DIRECT_OBJC_ISA_USAGE = YES_ERROR;
				CLANG_WARN_DOCUMENTATION_COMMENTS = YES;
				CLANG_WARN_EMPTY_BODY = YES;
				CLANG_WARN_ENUM_CONVERSION = YES;
				CLANG_WARN_INFINITE_RECURSION = YES;
				CLANG_WARN_INT_CONVERSION = YES;
				CLANG_WARN_NON_LITERAL_NULL_CONVERSION = YES;
				CLANG_WARN_OBJC_IMPLICIT_RETAIN_SELF = YES;
				CLANG_WARN_OBJC_LITERAL_CONVERSION = YES;
				CLANG_WARN_OBJC_ROOT_CLASS = YES_ERROR;
				CLANG_WARN_RANGE_LOOP_ANALYSIS = YES;
				CLANG_WARN_STRICT_PROTOTYPES = YES;
				CLANG_WARN_SUSPICIOUS_MOVE = YES;
				CLANG_WARN_UNGUARDED_AVAILABILITY = YES_AGGRESSIVE;
				CLANG_WARN_UNREACHABLE_CODE = YES;
				CLANG_WARN__DUPLICATE_METHOD_MATCH = YES;
				CODE_SIGN_IDENTITY = "iPhone Developer";
				COPY_PHASE_STRIP = NO;
				CURRENT_PROJECT_VERSION = 1;
				DEBUG_INFORMATION_FORMAT = dwarf;
				ENABLE_STRICT_OBJC_MSGSEND = YES;
				ENABLE_TESTABILITY = YES;
				GCC_C_LANGUAGE_STANDARD = gnu11;
				GCC_DYNAMIC_NO_PIC = NO;
				GCC_NO_COMMON_BLOCKS = YES;
				GCC_OPTIMIZATION_LEVEL = 0;
				GCC_PREPROCESSOR_DEFINITIONS = (
					"DEBUG=1",
					"$(inherited)",
				);
				GCC_WARN_64_TO_32_BIT_CONVERSION = YES;
				GCC_WARN_ABOUT_RETURN_TYPE = YES_ERROR;
				GCC_WARN_UNDECLARED_SELECTOR = YES;
				GCC_WARN_UNINITIALIZED_AUTOS = YES_AGGRESSIVE;
				GCC_WARN_UNUSED_FUNCTION = YES;
				GCC_WARN_UNUSED_VARIABLE = YES;
				IPHONEOS_DEPLOYMENT_TARGET = 12.4;
				MTL_ENABLE_DEBUG_INFO = INCLUDE_SOURCE;
				MTL_FAST_MATH = YES;
				ONLY_ACTIVE_ARCH = YES;
				SDKROOT = iphoneos;
				SWIFT_ACTIVE_COMPILATION_CONDITIONS = DEBUG;
				SWIFT_OPTIMIZATION_LEVEL = "-Onone";
				VERSIONING_SYSTEM = "apple-generic";
				VERSION_INFO_PREFIX = "";
			};
			name = Debug;
		};
		B5D3A67523153FFC004B07D9 /* Release */ = {
			isa = XCBuildConfiguration;
			buildSettings = {
				ALWAYS_SEARCH_USER_PATHS = NO;
				CLANG_ANALYZER_NONNULL = YES;
				CLANG_ANALYZER_NUMBER_OBJECT_CONVERSION = YES_AGGRESSIVE;
				CLANG_CXX_LANGUAGE_STANDARD = "gnu++14";
				CLANG_CXX_LIBRARY = "libc++";
				CLANG_ENABLE_MODULES = YES;
				CLANG_ENABLE_OBJC_ARC = YES;
				CLANG_ENABLE_OBJC_WEAK = YES;
				CLANG_WARN_BLOCK_CAPTURE_AUTORELEASING = YES;
				CLANG_WARN_BOOL_CONVERSION = YES;
				CLANG_WARN_COMMA = YES;
				CLANG_WARN_CONSTANT_CONVERSION = YES;
				CLANG_WARN_DEPRECATED_OBJC_IMPLEMENTATIONS = YES;
				CLANG_WARN_DIRECT_OBJC_ISA_USAGE = YES_ERROR;
				CLANG_WARN_DOCUMENTATION_COMMENTS = YES;
				CLANG_WARN_EMPTY_BODY = YES;
				CLANG_WARN_ENUM_CONVERSION = YES;
				CLANG_WARN_INFINITE_RECURSION = YES;
				CLANG_WARN_INT_CONVERSION = YES;
				CLANG_WARN_NON_LITERAL_NULL_CONVERSION = YES;
				CLANG_WARN_OBJC_IMPLICIT_RETAIN_SELF = YES;
				CLANG_WARN_OBJC_LITERAL_CONVERSION = YES;
				CLANG_WARN_OBJC_ROOT_CLASS = YES_ERROR;
				CLANG_WARN_RANGE_LOOP_ANALYSIS = YES;
				CLANG_WARN_STRICT_PROTOTYPES = YES;
				CLANG_WARN_SUSPICIOUS_MOVE = YES;
				CLANG_WARN_UNGUARDED_AVAILABILITY = YES_AGGRESSIVE;
				CLANG_WARN_UNREACHABLE_CODE = YES;
				CLANG_WARN__DUPLICATE_METHOD_MATCH = YES;
				CODE_SIGN_IDENTITY = "iPhone Developer";
				COPY_PHASE_STRIP = NO;
				CURRENT_PROJECT_VERSION = 1;
				DEBUG_INFORMATION_FORMAT = "dwarf-with-dsym";
				ENABLE_NS_ASSERTIONS = NO;
				ENABLE_STRICT_OBJC_MSGSEND = YES;
				GCC_C_LANGUAGE_STANDARD = gnu11;
				GCC_NO_COMMON_BLOCKS = YES;
				GCC_WARN_64_TO_32_BIT_CONVERSION = YES;
				GCC_WARN_ABOUT_RETURN_TYPE = YES_ERROR;
				GCC_WARN_UNDECLARED_SELECTOR = YES;
				GCC_WARN_UNINITIALIZED_AUTOS = YES_AGGRESSIVE;
				GCC_WARN_UNUSED_FUNCTION = YES;
				GCC_WARN_UNUSED_VARIABLE = YES;
				IPHONEOS_DEPLOYMENT_TARGET = 12.4;
				MTL_ENABLE_DEBUG_INFO = NO;
				MTL_FAST_MATH = YES;
				SDKROOT = iphoneos;
				SWIFT_COMPILATION_MODE = wholemodule;
				SWIFT_OPTIMIZATION_LEVEL = "-O";
				VALIDATE_PRODUCT = YES;
				VERSIONING_SYSTEM = "apple-generic";
				VERSION_INFO_PREFIX = "";
			};
			name = Release;
		};
		B5D3A67723153FFC004B07D9 /* Debug */ = {
			isa = XCBuildConfiguration;
			baseConfigurationReference = 26181D5E6498E61DF928B2D1 /* Pods-zrxkit.debug.xcconfig */;
			buildSettings = {
				CLANG_ENABLE_MODULES = YES;
				CODE_SIGN_IDENTITY = "";
				CODE_SIGN_STYLE = Automatic;
				DEFINES_MODULE = YES;
				DEVELOPMENT_TEAM = U4R65QQKZ7;
				DYLIB_COMPATIBILITY_VERSION = 1;
				DYLIB_CURRENT_VERSION = 1;
				DYLIB_INSTALL_NAME_BASE = "@rpath";
				INFOPLIST_FILE = zrxkit/Info.plist;
				INSTALL_PATH = "$(LOCAL_LIBRARY_DIR)/Frameworks";
				IPHONEOS_DEPLOYMENT_TARGET = 12.3;
				LD_RUNPATH_SEARCH_PATHS = (
					"$(inherited)",
					"@executable_path/Frameworks",
					"@loader_path/Frameworks",
				);
				MARKETING_VERSION = 0.0.1;
				PRODUCT_BUNDLE_IDENTIFIER = com.fridaytech.zrxkit;
				PRODUCT_NAME = "$(TARGET_NAME:c99extidentifier)";
				SKIP_INSTALL = YES;
				SWIFT_OPTIMIZATION_LEVEL = "-Onone";
				SWIFT_VERSION = 5.0;
				TARGETED_DEVICE_FAMILY = "1,2";
			};
			name = Debug;
		};
		B5D3A67823153FFC004B07D9 /* Release */ = {
			isa = XCBuildConfiguration;
			baseConfigurationReference = 9C320D12CBEA62A103620B79 /* Pods-zrxkit.release.xcconfig */;
			buildSettings = {
				CLANG_ENABLE_MODULES = YES;
				CODE_SIGN_IDENTITY = "";
				CODE_SIGN_STYLE = Automatic;
				DEFINES_MODULE = YES;
				DEVELOPMENT_TEAM = U4R65QQKZ7;
				DYLIB_COMPATIBILITY_VERSION = 1;
				DYLIB_CURRENT_VERSION = 1;
				DYLIB_INSTALL_NAME_BASE = "@rpath";
				INFOPLIST_FILE = zrxkit/Info.plist;
				INSTALL_PATH = "$(LOCAL_LIBRARY_DIR)/Frameworks";
				IPHONEOS_DEPLOYMENT_TARGET = 12.3;
				LD_RUNPATH_SEARCH_PATHS = (
					"$(inherited)",
					"@executable_path/Frameworks",
					"@loader_path/Frameworks",
				);
				MARKETING_VERSION = 0.0.1;
				PRODUCT_BUNDLE_IDENTIFIER = com.fridaytech.zrxkit;
				PRODUCT_NAME = "$(TARGET_NAME:c99extidentifier)";
				SKIP_INSTALL = YES;
				SWIFT_VERSION = 5.0;
				TARGETED_DEVICE_FAMILY = "1,2";
			};
			name = Release;
		};
/* End XCBuildConfiguration section */

/* Begin XCConfigurationList section */
		B53FF44D2398EA87009D131B /* Build configuration list for PBXNativeTarget "zrxkitTests" */ = {
			isa = XCConfigurationList;
			buildConfigurations = (
				B53FF44B2398EA87009D131B /* Debug */,
				B53FF44C2398EA87009D131B /* Release */,
			);
			defaultConfigurationIsVisible = 0;
			defaultConfigurationName = Release;
		};
		B5D3A66823153FFC004B07D9 /* Build configuration list for PBXProject "zrxkit" */ = {
			isa = XCConfigurationList;
			buildConfigurations = (
				B5D3A67423153FFC004B07D9 /* Debug */,
				B5D3A67523153FFC004B07D9 /* Release */,
			);
			defaultConfigurationIsVisible = 0;
			defaultConfigurationName = Release;
		};
		B5D3A67623153FFC004B07D9 /* Build configuration list for PBXNativeTarget "zrxkit" */ = {
			isa = XCConfigurationList;
			buildConfigurations = (
				B5D3A67723153FFC004B07D9 /* Debug */,
				B5D3A67823153FFC004B07D9 /* Release */,
			);
			defaultConfigurationIsVisible = 0;
			defaultConfigurationName = Release;
		};
/* End XCConfigurationList section */
	};
	rootObject = B5D3A66523153FFC004B07D9 /* Project object */;
}
